
Microsoft Visual Studio Solution File, Format Version 12.00
# Visual Studio Version 16
VisualStudioVersion = 16.0.29209.62
MinimumVisualStudioVersion = 10.0.40219.1
Project("{FAE04EC0-301F-11D3-BF4B-00C04F79EFBC}") = "InformationMVC", "InformationMVC\InformationMVC.csproj", "{A89BC3F1-EC04-409D-85AC-4E9353EBC085}"
EndProject
Global
	GlobalSection(SolutionConfigurationPlatforms) = preSolution
		Debug|Any CPU = Debug|Any CPU
		Release|Any CPU = Release|Any CPU
	EndGlobalSection
	GlobalSection(ProjectConfigurationPlatforms) = postSolution
		{A89BC3F1-EC04-409D-85AC-4E9353EBC085}.Debug|Any CPU.ActiveCfg = Debug|Any CPU
		{A89BC3F1-EC04-409D-85AC-4E9353EBC085}.Debug|Any CPU.Build.0 = Debug|Any CPU
		{A89BC3F1-EC04-409D-85AC-4E9353EBC085}.Release|Any CPU.ActiveCfg = Release|Any CPU
		{A89BC3F1-EC04-409D-85AC-4E9353EBC085}.Release|Any CPU.Build.0 = Release|Any CPU
	EndGlobalSection
	GlobalSection(SolutionProperties) = preSolution
		HideSolutionNode = FALSE
	EndGlobalSection
	GlobalSection(ExtensibilityGlobals) = postSolution
		SolutionGuid = {FB00D32D-2A4F-4BF2-B430-15BDE5C5232F}
	EndGlobalSection
EndGlobal
